// !$*UTF8*$!
{
	archiveVersion = 1;
	classes = {
	};
	objectVersion = 48;
	objects = {

/* Begin PBXBuildFile section */
		AF765C831FCD243D001F11D3 /* AppDelegate.swift in Sources */ = {isa = PBXBuildFile; fileRef = AF765C821FCD243D001F11D3 /* AppDelegate.swift */; };
		AF765C851FCD243D001F11D3 /* ViewController.swift in Sources */ = {isa = PBXBuildFile; fileRef = AF765C841FCD243D001F11D3 /* ViewController.swift */; };
		AF765C881FCD243D001F11D3 /* Main.storyboard in Resources */ = {isa = PBXBuildFile; fileRef = AF765C861FCD243D001F11D3 /* Main.storyboard */; };
		AF765C8A1FCD243D001F11D3 /* Assets.xcassets in Resources */ = {isa = PBXBuildFile; fileRef = AF765C891FCD243D001F11D3 /* Assets.xcassets */; };
		AF765C8D1FCD243D001F11D3 /* LaunchScreen.storyboard in Resources */ = {isa = PBXBuildFile; fileRef = AF765C8B1FCD243D001F11D3 /* LaunchScreen.storyboard */; };
		AF765C951FCD24BB001F11D3 /* speaker.png in Resources */ = {isa = PBXBuildFile; fileRef = AF765C941FCD24BB001F11D3 /* speaker.png */; };
/* End PBXBuildFile section */

/* Begin PBXFileReference section */
		AF765C7F1FCD243C001F11D3 /* CQ.app */ = {isa = PBXFileReference; explicitFileType = wrapper.application; includeInIndex = 0; path = CQ.app; sourceTree = BUILT_PRODUCTS_DIR; };
		AF765C821FCD243D001F11D3 /* AppDelegate.swift */ = {isa = PBXFileReference; lastKnownFileType = sourcecode.swift; path = AppDelegate.swift; sourceTree = "<group>"; };
		AF765C841FCD243D001F11D3 /* ViewController.swift */ = {isa = PBXFileReference; lastKnownFileType = sourcecode.swift; path = ViewController.swift; sourceTree = "<group>"; };
		AF765C871FCD243D001F11D3 /* Base */ = {isa = PBXFileReference; lastKnownFileType = file.storyboard; name = Base; path = Base.lproj/Main.storyboard; sourceTree = "<group>"; };
		AF765C891FCD243D001F11D3 /* Assets.xcassets */ = {isa = PBXFileReference; lastKnownFileType = folder.assetcatalog; path = Assets.xcassets; sourceTree = "<group>"; };
		AF765C8C1FCD243D001F11D3 /* Base */ = {isa = PBXFileReference; lastKnownFileType = file.storyboard; name = Base; path = Base.lproj/LaunchScreen.storyboard; sourceTree = "<group>"; };
		AF765C8E1FCD243D001F11D3 /* Info.plist */ = {isa = PBXFileReference; lastKnownFileType = text.plist.xml; path = Info.plist; sourceTree = "<group>"; };
		AF765C941FCD24BB001F11D3 /* speaker.png */ = {isa = PBXFileReference; lastKnownFileType = image.png; path = speaker.png; sourceTree = "<group>"; };
/* End PBXFileReference section */

/* Begin PBXFrameworksBuildPhase section */
		AF765C7C1FCD243C001F11D3 /* Frameworks */ = {
			isa = PBXFrameworksBuildPhase;
			buildActionMask = 2147483647;
			files = (
			);
			runOnlyForDeploymentPostprocessing = 0;
		};
/* End PBXFrameworksBuildPhase section */

/* Begin PBXGroup section */
		AF765C761FCD243C001F11D3 = {
			isa = PBXGroup;
			children = (
				AF765C811FCD243C001F11D3 /* CQ */,
				AF765C801FCD243C001F11D3 /* Products */,
			);
			sourceTree = "<group>";
		};
		AF765C801FCD243C001F11D3 /* Products */ = {
			isa = PBXGroup;
			children = (
				AF765C7F1FCD243C001F11D3 /* CQ.app */,
			);
			name = Products;
			sourceTree = "<group>";
		};
		AF765C811FCD243C001F11D3 /* CQ */ = {
			isa = PBXGroup;
			children = (
				AF765C821FCD243D001F11D3 /* AppDelegate.swift */,
				AF765C841FCD243D001F11D3 /* ViewController.swift */,
				AF765C861FCD243D001F11D3 /* Main.storyboard */,
				AF765C891FCD243D001F11D3 /* Assets.xcassets */,
				AF765C8B1FCD243D001F11D3 /* LaunchScreen.storyboard */,
				AF765C8E1FCD243D001F11D3 /* Info.plist */,
				AF765C961FCD24C4001F11D3 /* Assets */,
			);
			path = CQ;
			sourceTree = "<group>";
		};
		AF765C961FCD24C4001F11D3 /* Assets */ = {
			isa = PBXGroup;
			children = (
				AF765C941FCD24BB001F11D3 /* speaker.png */,
			);
			path = Assets;
			sourceTree = "<group>";
		};
/* End PBXGroup section */

/* Begin PBXNativeTarget section */
		AF765C7E1FCD243C001F11D3 /* CQ */ = {
			isa = PBXNativeTarget;
			buildConfigurationList = AF765C911FCD243D001F11D3 /* Build configuration list for PBXNativeTarget "CQ" */;
			buildPhases = (
				AF765C7B1FCD243C001F11D3 /* Sources */,
				AF765C7C1FCD243C001F11D3 /* Frameworks */,
				AF765C7D1FCD243C001F11D3 /* Resources */,
			);
			buildRules = (
			);
			dependencies = (
			);
			name = CQ;
			productName = CQ;
			productReference = AF765C7F1FCD243C001F11D3 /* CQ.app */;
			productType = "com.apple.product-type.application";
		};
/* End PBXNativeTarget section */

/* Begin PBXProject section */
		AF765C771FCD243C001F11D3 /* Project object */ = {
			isa = PBXProject;
			attributes = {
				LastSwiftUpdateCheck = 0910;
				LastUpgradeCheck = 0910;
				ORGANIZATIONNAME = "Hiroki Nakashima";
				TargetAttributes = {
					AF765C7E1FCD243C001F11D3 = {
						CreatedOnToolsVersion = 9.1;
						ProvisioningStyle = Automatic;
					};
				};
			};
			buildConfigurationList = AF765C7A1FCD243C001F11D3 /* Build configuration list for PBXProject "CQ" */;
			compatibilityVersion = "Xcode 8.0";
			developmentRegion = en;
			hasScannedForEncodings = 0;
			knownRegions = (
				en,
				Base,
			);
			mainGroup = AF765C761FCD243C001F11D3;
			productRefGroup = AF765C801FCD243C001F11D3 /* Products */;
			projectDirPath = "";
			projectRoot = "";
			targets = (
				AF765C7E1FCD243C001F11D3 /* CQ */,
			);
		};
/* End PBXProject section */

/* Begin PBXResourcesBuildPhase section */
		AF765C7D1FCD243C001F11D3 /* Resources */ = {
			isa = PBXResourcesBuildPhase;
			buildActionMask = 2147483647;
			files = (
				AF765C8D1FCD243D001F11D3 /* LaunchScreen.storyboard in Resources */,
				AF765C951FCD24BB001F11D3 /* speaker.png in Resources */,
				AF765C8A1FCD243D001F11D3 /* Assets.xcassets in Resources */,
				AF765C881FCD243D001F11D3 /* Main.storyboard in Resources */,
			);
			runOnlyForDeploymentPostprocessing = 0;
		};
/* End PBXResourcesBuildPhase section */

/* Begin PBXSourcesBuildPhase section */
		AF765C7B1FCD243C001F11D3 /* Sources */ = {
			isa = PBXSourcesBuildPhase;
			buildActionMask = 2147483647;
			files = (
				AF765C851FCD243D001F11D3 /* ViewController.swift in Sources */,
				AF765C831FCD243D001F11D3 /* AppDelegate.swift in Sources */,
			);
			runOnlyForDeploymentPostprocessing = 0;
		};
/* End PBXSourcesBuildPhase section */

/* Begin PBXVariantGroup section */
		AF765C861FCD243D001F11D3 /* Main.storyboard */ = {
			isa = PBXVariantGroup;
			children = (
				AF765C871FCD243D001F11D3 /* Base */,
			);
			name = Main.storyboard;
			sourceTree = "<group>";
		};
		AF765C8B1FCD243D001F11D3 /* LaunchScreen.storyboard */ = {
			isa = PBXVariantGroup;
			children = (
				AF765C8C1FCD243D001F11D3 /* Base */,
			);
			name = LaunchScreen.storyboard;
			sourceTree = "<group>";
		};
/* End PBXVariantGroup section */

/* Begin XCBuildConfiguration section */
		AF765C8F1FCD243D001F11D3 /* Debug */ = {
			isa = XCBuildConfiguration;
			buildSettings = {
				ALWAYS_SEARCH_USER_PATHS = NO;
				CLANG_ANALYZER_NONNULL = YES;
				CLANG_ANALYZER_NUMBER_OBJECT_CONVERSION = YES_AGGRESSIVE;
				CLANG_CXX_LANGUAGE_STANDARD = "gnu++14";
				CLANG_CXX_LIBRARY = "libc++";
				CLANG_ENABLE_MODULES = YES;
				CLANG_ENABLE_OBJC_ARC = YES;
				CLANG_WARN_BLOCK_CAPTURE_AUTORELEASING = YES;
				CLANG_WARN_BOOL_CONVERSION = YES;
				CLANG_WARN_COMMA = YES;
				CLANG_WARN_CONSTANT_CONVERSION = YES;
				CLANG_WARN_DIRECT_OBJC_ISA_USAGE = YES_ERROR;
				CLANG_WARN_DOCUMENTATION_COMMENTS = YES;
				CLANG_WARN_EMPTY_BODY = YES;
				CLANG_WARN_ENUM_CONVERSION = YES;
				CLANG_WARN_INFINITE_RECURSION = YES;
				CLANG_WARN_INT_CONVERSION = YES;
				CLANG_WARN_NON_LITERAL_NULL_CONVERSION = YES;
				CLANG_WARN_OBJC_LITERAL_CONVERSION = YES;
				CLANG_WARN_OBJC_ROOT_CLASS = YES_ERROR;
				CLANG_WARN_RANGE_LOOP_ANALYSIS = YES;
				CLANG_WARN_STRICT_PROTOTYPES = YES;
				CLANG_WARN_SUSPICIOUS_MOVE = YES;
				CLANG_WARN_UNGUARDED_AVAILABILITY = YES_AGGRESSIVE;
				CLANG_WARN_UNREACHABLE_CODE = YES;
				CLANG_WARN__DUPLICATE_METHOD_MATCH = YES;
				CODE_SIGN_IDENTITY = "iPhone Developer";
				COPY_PHASE_STRIP = NO;
				DEBUG_INFORMATION_FORMAT = dwarf;
				ENABLE_STRICT_OBJC_MSGSEND = YES;
				ENABLE_TESTABILITY = YES;
				GCC_C_LANGUAGE_STANDARD = gnu11;
				GCC_DYNAMIC_NO_PIC = NO;
				GCC_NO_COMMON_BLOCKS = YES;
				GCC_OPTIMIZATION_LEVEL = 0;
				GCC_PREPROCESSOR_DEFINITIONS = (
					"DEBUG=1",
					"$(inherited)",
				);
				GCC_WARN_64_TO_32_BIT_CONVERSION = YES;
				GCC_WARN_ABOUT_RETURN_TYPE = YES_ERROR;
				GCC_WARN_UNDECLARED_SELECTOR = YES;
				GCC_WARN_UNINITIALIZED_AUTOS = YES_AGGRESSIVE;
				GCC_WARN_UNUSED_FUNCTION = YES;
				GCC_WARN_UNUSED_VARIABLE = YES;
				IPHONEOS_DEPLOYMENT_TARGET = 11.1;
				MTL_ENABLE_DEBUG_INFO = YES;
				ONLY_ACTIVE_ARCH = YES;
				SDKROOT = iphoneos;
				SWIFT_ACTIVE_COMPILATION_CONDITIONS = DEBUG;
				SWIFT_OPTIMIZATION_LEVEL = "-Onone";
			};
			name = Debug;
		};
		AF765C901FCD243D001F11D3 /* Release */ = {
			isa = XCBuildConfiguration;
			buildSettings = {
				ALWAYS_SEARCH_USER_PATHS = NO;
				CLANG_ANALYZER_NONNULL = YES;
				CLANG_ANALYZER_NUMBER_OBJECT_CONVERSION = YES_AGGRESSIVE;
				CLANG_CXX_LANGUAGE_STANDARD = "gnu++14";
				CLANG_CXX_LIBRARY = "libc++";
				CLANG_ENABLE_MODULES = YES;
				CLANG_ENABLE_OBJC_ARC = YES;
				CLANG_WARN_BLOCK_CAPTURE_AUTORELEASING = YES;
				CLANG_WARN_BOOL_CONVERSION = YES;
				CLANG_WARN_COMMA = YES;
				CLANG_WARN_CONSTANT_CONVERSION = YES;
				CLANG_WARN_DIRECT_OBJC_ISA_USAGE = YES_ERROR;
				CLANG_WARN_DOCUMENTATION_COMMENTS = YES;
				CLANG_WARN_EMPTY_BODY = YES;
				CLANG_WARN_ENUM_CONVERSION = YES;
				CLANG_WARN_INFINITE_RECURSION = YES;
				CLANG_WARN_INT_CONVERSION = YES;
				CLANG_WARN_NON_LITERAL_NULL_CONVERSION = YES;
				CLANG_WARN_OBJC_LITERAL_CONVERSION = YES;
				CLANG_WARN_OBJC_ROOT_CLASS = YES_ERROR;
				CLANG_WARN_RANGE_LOOP_ANALYSIS = YES;
				CLANG_WARN_STRICT_PROTOTYPES = YES;
				CLANG_WARN_SUSPICIOUS_MOVE = YES;
				CLANG_WARN_UNGUARDED_AVAILABILITY = YES_AGGRESSIVE;
				CLANG_WARN_UNREACHABLE_CODE = YES;
				CLANG_WARN__DUPLICATE_METHOD_MATCH = YES;
				CODE_SIGN_IDENTITY = "iPhone Developer";
				COPY_PHASE_STRIP = NO;
				DEBUG_INFORMATION_FORMAT = "dwarf-with-dsym";
				ENABLE_NS_ASSERTIONS = NO;
				ENABLE_STRICT_OBJC_MSGSEND = YES;
				GCC_C_LANGUAGE_STANDARD = gnu11;
				GCC_NO_COMMON_BLOCKS = YES;
				GCC_WARN_64_TO_32_BIT_CONVERSION = YES;
				GCC_WARN_ABOUT_RETURN_TYPE = YES_ERROR;
				GCC_WARN_UNDECLARED_SELECTOR = YES;
				GCC_WARN_UNINITIALIZED_AUTOS = YES_AGGRESSIVE;
				GCC_WARN_UNUSED_FUNCTION = YES;
				GCC_WARN_UNUSED_VARIABLE = YES;
				IPHONEOS_DEPLOYMENT_TARGET = 11.1;
				MTL_ENABLE_DEBUG_INFO = NO;
				SDKROOT = iphoneos;
				SWIFT_OPTIMIZATION_LEVEL = "-Owholemodule";
				VALIDATE_PRODUCT = YES;
			};
			name = Release;
		};
		AF765C921FCD243D001F11D3 /* Debug */ = {
			isa = XCBuildConfiguration;
			buildSettings = {
				ASSETCATALOG_COMPILER_APPICON_NAME = AppIcon;
				CODE_SIGN_STYLE = Automatic;
				DEVELOPMENT_TEAM = J3GY5XRDQB;
				INFOPLIST_FILE = CQ/Info.plist;
				LD_RUNPATH_SEARCH_PATHS = "$(inherited) @executable_path/Frameworks";
				PRODUCT_BUNDLE_IDENTIFIER = com.master.CQ;
				PRODUCT_NAME = "$(TARGET_NAME)";
				SWIFT_VERSION = 4.0;
				TARGETED_DEVICE_FAMILY = "1,2";
			};
			name = Debug;
		};
		AF765C931FCD243D001F11D3 /* Release */ = {
			isa = XCBuildConfiguration;
			buildSettings = {
				ASSETCATALOG_COMPILER_APPICON_NAME = AppIcon;
				CODE_SIGN_STYLE = Automatic;
				DEVELOPMENT_TEAM = J3GY5XRDQB;
				INFOPLIST_FILE = CQ/Info.plist;
				LD_RUNPATH_SEARCH_PATHS = "$(inherited) @executable_path/Frameworks";
				PRODUCT_BUNDLE_IDENTIFIER = com.master.CQ;
				PRODUCT_NAME = "$(TARGET_NAME)";
				SWIFT_VERSION = 4.0;
				TARGETED_DEVICE_FAMILY = "1,2";
			};
			name = Release;
		};
/* End XCBuildConfiguration section */

/* Begin XCConfigurationList section */
		AF765C7A1FCD243C001F11D3 /* Build configuration list for PBXProject "CQ" */ = {
			isa = XCConfigurationList;
			buildConfigurations = (
				AF765C8F1FCD243D001F11D3 /* Debug */,
				AF765C901FCD243D001F11D3 /* Release */,
			);
			defaultConfigurationIsVisible = 0;
			defaultConfigurationName = Release;
		};
		AF765C911FCD243D001F11D3 /* Build configuration list for PBXNativeTarget "CQ" */ = {
			isa = XCConfigurationList;
			buildConfigurations = (
				AF765C921FCD243D001F11D3 /* Debug */,
				AF765C931FCD243D001F11D3 /* Release */,
			);
			defaultConfigurationIsVisible = 0;
			defaultConfigurationName = Release;
		};
/* End XCConfigurationList section */
	};
	rootObject = AF765C771FCD243C001F11D3 /* Project object */;
}
